
Microsoft Visual Studio Solution File, Format Version 12.00
# Visual Studio Version 16
VisualStudioVersion = 16.0.30711.63
MinimumVisualStudioVersion = 10.0.40219.1
Project("{8BC9CEB8-8B4A-11D0-8D11-00A0C91BC942}") = "RC4_C_geringe_GUI_Interaktion", "RC4_C_geringe_GUI_Interaktion.vcxproj", "{2BB1D149-09E2-4C2A-9F84-484CE6614799}"
EndProject
Global
	GlobalSection(SolutionConfigurationPlatforms) = preSolution
		Debug|x64 = Debug|x64
		Debug|x86 = Debug|x86
		Release|x64 = Release|x64
		Release|x86 = Release|x86
	EndGlobalSection
	GlobalSection(ProjectConfigurationPlatforms) = postSolution
		{2BB1D149-09E2-4C2A-9F84-484CE6614799}.Debug|x64.ActiveCfg = Debug|x64
		{2BB1D149-09E2-4C2A-9F84-484CE6614799}.Debug|x64.Build.0 = Debug|x64
		{2BB1D149-09E2-4C2A-9F84-484CE6614799}.Debug|x86.ActiveCfg = Debug|Win32
		{2BB1D149-09E2-4C2A-9F84-484CE6614799}.Debug|x86.Build.0 = Debug|Win32
		{2BB1D149-09E2-4C2A-9F84-484CE6614799}.Release|x64.ActiveCfg = Release|x64
		{2BB1D149-09E2-4C2A-9F84-484CE6614799}.Release|x64.Build.0 = Release|x64
		{2BB1D149-09E2-4C2A-9F84-484CE6614799}.Release|x86.ActiveCfg = Release|Win32
		{2BB1D149-09E2-4C2A-9F84-484CE6614799}.Release|x86.Build.0 = Release|Win32
	EndGlobalSection
	GlobalSection(SolutionProperties) = preSolution
		HideSolutionNode = FALSE
	EndGlobalSection
	GlobalSection(ExtensibilityGlobals) = postSolution
		SolutionGuid = {680DEA48-894A-4985-AEA9-66BD75E7F60B}
	EndGlobalSection
EndGlobal
